// !$*UTF8*$!
{
	archiveVersion = 1;
	classes = {
	};
	objectVersion = 50;
	objects = {

/* Begin PBXBuildFile section */
		ACCE39FD28069AEA00DED1AD /* AppDelegate.swift in Sources */ = {isa = PBXBuildFile; fileRef = ACCE39FC28069AEA00DED1AD /* AppDelegate.swift */; };
		ACCE39FF28069AEA00DED1AD /* SceneDelegate.swift in Sources */ = {isa = PBXBuildFile; fileRef = ACCE39FE28069AEA00DED1AD /* SceneDelegate.swift */; };
		ACCE3A0128069AEA00DED1AD /* ViewController.swift in Sources */ = {isa = PBXBuildFile; fileRef = ACCE3A0028069AEA00DED1AD /* ViewController.swift */; };
		ACCE3A0428069AEA00DED1AD /* Main.storyboard in Resources */ = {isa = PBXBuildFile; fileRef = ACCE3A0228069AEA00DED1AD /* Main.storyboard */; };
		ACCE3A0728069AEA00DED1AD /* gbgbggb.xcdatamodeld in Sources */ = {isa = PBXBuildFile; fileRef = ACCE3A0528069AEA00DED1AD /* gbgbggb.xcdatamodeld */; };
		ACCE3A0928069AEB00DED1AD /* Assets.xcassets in Resources */ = {isa = PBXBuildFile; fileRef = ACCE3A0828069AEB00DED1AD /* Assets.xcassets */; };
		ACCE3A0C28069AEB00DED1AD /* LaunchScreen.storyboard in Resources */ = {isa = PBXBuildFile; fileRef = ACCE3A0A28069AEB00DED1AD /* LaunchScreen.storyboard */; };
/* End PBXBuildFile section */

/* Begin PBXFileReference section */
		ACCE39F928069AEA00DED1AD /* gbgbggb.app */ = {isa = PBXFileReference; explicitFileType = wrapper.application; includeInIndex = 0; path = gbgbggb.app; sourceTree = BUILT_PRODUCTS_DIR; };
		ACCE39FC28069AEA00DED1AD /* AppDelegate.swift */ = {isa = PBXFileReference; lastKnownFileType = sourcecode.swift; path = AppDelegate.swift; sourceTree = "<group>"; };
		ACCE39FE28069AEA00DED1AD /* SceneDelegate.swift */ = {isa = PBXFileReference; lastKnownFileType = sourcecode.swift; path = SceneDelegate.swift; sourceTree = "<group>"; };
		ACCE3A0028069AEA00DED1AD /* ViewController.swift */ = {isa = PBXFileReference; lastKnownFileType = sourcecode.swift; path = ViewController.swift; sourceTree = "<group>"; };
		ACCE3A0328069AEA00DED1AD /* Base */ = {isa = PBXFileReference; lastKnownFileType = file.storyboard; name = Base; path = Base.lproj/Main.storyboard; sourceTree = "<group>"; };
		ACCE3A0628069AEA00DED1AD /* gbgbggb.xcdatamodel */ = {isa = PBXFileReference; lastKnownFileType = wrapper.xcdatamodel; path = gbgbggb.xcdatamodel; sourceTree = "<group>"; };
		ACCE3A0828069AEB00DED1AD /* Assets.xcassets */ = {isa = PBXFileReference; lastKnownFileType = folder.assetcatalog; path = Assets.xcassets; sourceTree = "<group>"; };
		ACCE3A0B28069AEB00DED1AD /* Base */ = {isa = PBXFileReference; lastKnownFileType = file.storyboard; name = Base; path = Base.lproj/LaunchScreen.storyboard; sourceTree = "<group>"; };
		ACCE3A0D28069AEB00DED1AD /* Info.plist */ = {isa = PBXFileReference; lastKnownFileType = text.plist.xml; path = Info.plist; sourceTree = "<group>"; };
/* End PBXFileReference section */

/* Begin PBXFrameworksBuildPhase section */
		ACCE39F628069AEA00DED1AD /* Frameworks */ = {
			isa = PBXFrameworksBuildPhase;
			buildActionMask = 2147483647;
			files = (
			);
			runOnlyForDeploymentPostprocessing = 0;
		};
/* End PBXFrameworksBuildPhase section */

/* Begin PBXGroup section */
		ACCE39F028069AEA00DED1AD = {
			isa = PBXGroup;
			children = (
				ACCE39FB28069AEA00DED1AD /* gbgbggb */,
				ACCE39FA28069AEA00DED1AD /* Products */,
			);
			sourceTree = "<group>";
		};
		ACCE39FA28069AEA00DED1AD /* Products */ = {
			isa = PBXGroup;
			children = (
				ACCE39F928069AEA00DED1AD /* gbgbggb.app */,
			);
			name = Products;
			sourceTree = "<group>";
		};
		ACCE39FB28069AEA00DED1AD /* gbgbggb */ = {
			isa = PBXGroup;
			children = (
				ACCE39FC28069AEA00DED1AD /* AppDelegate.swift */,
				ACCE39FE28069AEA00DED1AD /* SceneDelegate.swift */,
				ACCE3A0028069AEA00DED1AD /* ViewController.swift */,
				ACCE3A0228069AEA00DED1AD /* Main.storyboard */,
				ACCE3A0828069AEB00DED1AD /* Assets.xcassets */,
				ACCE3A0A28069AEB00DED1AD /* LaunchScreen.storyboard */,
				ACCE3A0D28069AEB00DED1AD /* Info.plist */,
				ACCE3A0528069AEA00DED1AD /* gbgbggb.xcdatamodeld */,
			);
			path = gbgbggb;
			sourceTree = "<group>";
		};
/* End PBXGroup section */

/* Begin PBXNativeTarget section */
		ACCE39F828069AEA00DED1AD /* gbgbggb */ = {
			isa = PBXNativeTarget;
			buildConfigurationList = ACCE3A1028069AEB00DED1AD /* Build configuration list for PBXNativeTarget "gbgbggb" */;
			buildPhases = (
				ACCE39F528069AEA00DED1AD /* Sources */,
				ACCE39F628069AEA00DED1AD /* Frameworks */,
				ACCE39F728069AEA00DED1AD /* Resources */,
			);
			buildRules = (
			);
			dependencies = (
			);
			name = gbgbggb;
			productName = gbgbggb;
			productReference = ACCE39F928069AEA00DED1AD /* gbgbggb.app */;
			productType = "com.apple.product-type.application";
		};
/* End PBXNativeTarget section */

/* Begin PBXProject section */
		ACCE39F128069AEA00DED1AD /* Project object */ = {
			isa = PBXProject;
			attributes = {
				LastSwiftUpdateCheck = 1240;
				LastUpgradeCheck = 1240;
				TargetAttributes = {
					ACCE39F828069AEA00DED1AD = {
						CreatedOnToolsVersion = 12.4;
					};
				};
			};
			buildConfigurationList = ACCE39F428069AEA00DED1AD /* Build configuration list for PBXProject "gbgbggb" */;
			compatibilityVersion = "Xcode 9.3";
			developmentRegion = en;
			hasScannedForEncodings = 0;
			knownRegions = (
				en,
				Base,
			);
			mainGroup = ACCE39F028069AEA00DED1AD;
			productRefGroup = ACCE39FA28069AEA00DED1AD /* Products */;
			projectDirPath = "";
			projectRoot = "";
			targets = (
				ACCE39F828069AEA00DED1AD /* gbgbggb */,
			);
		};
/* End PBXProject section */

/* Begin PBXResourcesBuildPhase section */
		ACCE39F728069AEA00DED1AD /* Resources */ = {
			isa = PBXResourcesBuildPhase;
			buildActionMask = 2147483647;
			files = (
				ACCE3A0C28069AEB00DED1AD /* LaunchScreen.storyboard in Resources */,
				ACCE3A0928069AEB00DED1AD /* Assets.xcassets in Resources */,
				ACCE3A0428069AEA00DED1AD /* Main.storyboard in Resources */,
			);
			runOnlyForDeploymentPostprocessing = 0;
		};
/* End PBXResourcesBuildPhase section */

/* Begin PBXSourcesBuildPhase section */
		ACCE39F528069AEA00DED1AD /* Sources */ = {
			isa = PBXSourcesBuildPhase;
			buildActionMask = 2147483647;
			files = (
				ACCE3A0128069AEA00DED1AD /* ViewController.swift in Sources */,
				ACCE39FD28069AEA00DED1AD /* AppDelegate.swift in Sources */,
				ACCE3A0728069AEA00DED1AD /* gbgbggb.xcdatamodeld in Sources */,
				ACCE39FF28069AEA00DED1AD /* SceneDelegate.swift in Sources */,
			);
			runOnlyForDeploymentPostprocessing = 0;
		};
/* End PBXSourcesBuildPhase section */

/* Begin PBXVariantGroup section */
		ACCE3A0228069AEA00DED1AD /* Main.storyboard */ = {
			isa = PBXVariantGroup;
			children = (
				ACCE3A0328069AEA00DED1AD /* Base */,
			);
			name = Main.storyboard;
			sourceTree = "<group>";
		};
		ACCE3A0A28069AEB00DED1AD /* LaunchScreen.storyboard */ = {
			isa = PBXVariantGroup;
			children = (
				ACCE3A0B28069AEB00DED1AD /* Base */,
			);
			name = LaunchScreen.storyboard;
			sourceTree = "<group>";
		};
/* End PBXVariantGroup section */

/* Begin XCBuildConfiguration section */
		ACCE3A0E28069AEB00DED1AD /* Debug */ = {
			isa = XCBuildConfiguration;
			buildSettings = {
				ALWAYS_SEARCH_USER_PATHS = NO;
				CLANG_ANALYZER_NONNULL = YES;
				CLANG_ANALYZER_NUMBER_OBJECT_CONVERSION = YES_AGGRESSIVE;
				CLANG_CXX_LANGUAGE_STANDARD = "gnu++14";
				CLANG_CXX_LIBRARY = "libc++";
				CLANG_ENABLE_MODULES = YES;
				CLANG_ENABLE_OBJC_ARC = YES;
				CLANG_ENABLE_OBJC_WEAK = YES;
				CLANG_WARN_BLOCK_CAPTURE_AUTORELEASING = YES;
				CLANG_WARN_BOOL_CONVERSION = YES;
				CLANG_WARN_COMMA = YES;
				CLANG_WARN_CONSTANT_CONVERSION = YES;
				CLANG_WARN_DEPRECATED_OBJC_IMPLEMENTATIONS = YES;
				CLANG_WARN_DIRECT_OBJC_ISA_USAGE = YES_ERROR;
				CLANG_WARN_DOCUMENTATION_COMMENTS = YES;
				CLANG_WARN_EMPTY_BODY = YES;
				CLANG_WARN_ENUM_CONVERSION = YES;
				CLANG_WARN_INFINITE_RECURSION = YES;
				CLANG_WARN_INT_CONVERSION = YES;
				CLANG_WARN_NON_LITERAL_NULL_CONVERSION = YES;
				CLANG_WARN_OBJC_IMPLICIT_RETAIN_SELF = YES;
				CLANG_WARN_OBJC_LITERAL_CONVERSION = YES;
				CLANG_WARN_OBJC_ROOT_CLASS = YES_ERROR;
				CLANG_WARN_QUOTED_INCLUDE_IN_FRAMEWORK_HEADER = YES;
				CLANG_WARN_RANGE_LOOP_ANALYSIS = YES;
				CLANG_WARN_STRICT_PROTOTYPES = YES;
				CLANG_WARN_SUSPICIOUS_MOVE = YES;
				CLANG_WARN_UNGUARDED_AVAILABILITY = YES_AGGRESSIVE;
				CLANG_WARN_UNREACHABLE_CODE = YES;
				CLANG_WARN__DUPLICATE_METHOD_MATCH = YES;
				COPY_PHASE_STRIP = NO;
				DEBUG_INFORMATION_FORMAT = dwarf;
				ENABLE_STRICT_OBJC_MSGSEND = YES;
				ENABLE_TESTABILITY = YES;
				GCC_C_LANGUAGE_STANDARD = gnu11;
				GCC_DYNAMIC_NO_PIC = NO;
				GCC_NO_COMMON_BLOCKS = YES;
				GCC_OPTIMIZATION_LEVEL = 0;
				GCC_PREPROCESSOR_DEFINITIONS = (
					"DEBUG=1",
					"$(inherited)",
				);
				GCC_WARN_64_TO_32_BIT_CONVERSION = YES;
				GCC_WARN_ABOUT_RETURN_TYPE = YES_ERROR;
				GCC_WARN_UNDECLARED_SELECTOR = YES;
				GCC_WARN_UNINITIALIZED_AUTOS = YES_AGGRESSIVE;
				GCC_WARN_UNUSED_FUNCTION = YES;
				GCC_WARN_UNUSED_VARIABLE = YES;
				IPHONEOS_DEPLOYMENT_TARGET = 14.4;
				MTL_ENABLE_DEBUG_INFO = INCLUDE_SOURCE;
				MTL_FAST_MATH = YES;
				ONLY_ACTIVE_ARCH = YES;
				SDKROOT = iphoneos;
				SWIFT_ACTIVE_COMPILATION_CONDITIONS = DEBUG;
				SWIFT_OPTIMIZATION_LEVEL = "-Onone";
			};
			name = Debug;
		};
		ACCE3A0F28069AEB00DED1AD /* Release */ = {
			isa = XCBuildConfiguration;
			buildSettings = {
				ALWAYS_SEARCH_USER_PATHS = NO;
				CLANG_ANALYZER_NONNULL = YES;
				CLANG_ANALYZER_NUMBER_OBJECT_CONVERSION = YES_AGGRESSIVE;
				CLANG_CXX_LANGUAGE_STANDARD = "gnu++14";
				CLANG_CXX_LIBRARY = "libc++";
				CLANG_ENABLE_MODULES = YES;
				CLANG_ENABLE_OBJC_ARC = YES;
				CLANG_ENABLE_OBJC_WEAK = YES;
				CLANG_WARN_BLOCK_CAPTURE_AUTORELEASING = YES;
				CLANG_WARN_BOOL_CONVERSION = YES;
				CLANG_WARN_COMMA = YES;
				CLANG_WARN_CONSTANT_CONVERSION = YES;
				CLANG_WARN_DEPRECATED_OBJC_IMPLEMENTATIONS = YES;
				CLANG_WARN_DIRECT_OBJC_ISA_USAGE = YES_ERROR;
				CLANG_WARN_DOCUMENTATION_COMMENTS = YES;
				CLANG_WARN_EMPTY_BODY = YES;
				CLANG_WARN_ENUM_CONVERSION = YES;
				CLANG_WARN_INFINITE_RECURSION = YES;
				CLANG_WARN_INT_CONVERSION = YES;
				CLANG_WARN_NON_LITERAL_NULL_CONVERSION = YES;
				CLANG_WARN_OBJC_IMPLICIT_RETAIN_SELF = YES;
				CLANG_WARN_OBJC_LITERAL_CONVERSION = YES;
				CLANG_WARN_OBJC_ROOT_CLASS = YES_ERROR;
				CLANG_WARN_QUOTED_INCLUDE_IN_FRAMEWORK_HEADER = YES;
				CLANG_WARN_RANGE_LOOP_ANALYSIS = YES;
				CLANG_WARN_STRICT_PROTOTYPES = YES;
				CLANG_WARN_SUSPICIOUS_MOVE = YES;
				CLANG_WARN_UNGUARDED_AVAILABILITY = YES_AGGRESSIVE;
				CLANG_WARN_UNREACHABLE_CODE = YES;
				CLANG_WARN__DUPLICATE_METHOD_MATCH = YES;
				COPY_PHASE_STRIP = NO;
				DEBUG_INFORMATION_FORMAT = "dwarf-with-dsym";
				ENABLE_NS_ASSERTIONS = NO;
				ENABLE_STRICT_OBJC_MSGSEND = YES;
				GCC_C_LANGUAGE_STANDARD = gnu11;
				GCC_NO_COMMON_BLOCKS = YES;
				GCC_WARN_64_TO_32_BIT_CONVERSION = YES;
				GCC_WARN_ABOUT_RETURN_TYPE = YES_ERROR;
				GCC_WARN_UNDECLARED_SELECTOR = YES;
				GCC_WARN_UNINITIALIZED_AUTOS = YES_AGGRESSIVE;
				GCC_WARN_UNUSED_FUNCTION = YES;
				GCC_WARN_UNUSED_VARIABLE = YES;
				IPHONEOS_DEPLOYMENT_TARGET = 14.4;
				MTL_ENABLE_DEBUG_INFO = NO;
				MTL_FAST_MATH = YES;
				SDKROOT = iphoneos;
				SWIFT_COMPILATION_MODE = wholemodule;
				SWIFT_OPTIMIZATION_LEVEL = "-O";
				VALIDATE_PRODUCT = YES;
			};
			name = Release;
		};
		ACCE3A1128069AEB00DED1AD /* Debug */ = {
			isa = XCBuildConfiguration;
			buildSettings = {
				ASSETCATALOG_COMPILER_APPICON_NAME = AppIcon;
				ASSETCATALOG_COMPILER_GLOBAL_ACCENT_COLOR_NAME = AccentColor;
				CODE_SIGN_STYLE = Automatic;
				INFOPLIST_FILE = gbgbggb/Info.plist;
				LD_RUNPATH_SEARCH_PATHS = (
					"$(inherited)",
					"@executable_path/Frameworks",
				);
				PRODUCT_BUNDLE_IDENTIFIER = mm.gbgbggb;
				PRODUCT_NAME = "$(TARGET_NAME)";
				SWIFT_VERSION = 5.0;
				TARGETED_DEVICE_FAMILY = "1,2";
			};
			name = Debug;
		};
		ACCE3A1228069AEB00DED1AD /* Release */ = {
			isa = XCBuildConfiguration;
			buildSettings = {
				ASSETCATALOG_COMPILER_APPICON_NAME = AppIcon;
				ASSETCATALOG_COMPILER_GLOBAL_ACCENT_COLOR_NAME = AccentColor;
				CODE_SIGN_STYLE = Automatic;
				INFOPLIST_FILE = gbgbggb/Info.plist;
				LD_RUNPATH_SEARCH_PATHS = (
					"$(inherited)",
					"@executable_path/Frameworks",
				);
				PRODUCT_BUNDLE_IDENTIFIER = mm.gbgbggb;
				PRODUCT_NAME = "$(TARGET_NAME)";
				SWIFT_VERSION = 5.0;
				TARGETED_DEVICE_FAMILY = "1,2";
			};
			name = Release;
		};
/* End XCBuildConfiguration section */

/* Begin XCConfigurationList section */
		ACCE39F428069AEA00DED1AD /* Build configuration list for PBXProject "gbgbggb" */ = {
			isa = XCConfigurationList;
			buildConfigurations = (
				ACCE3A0E28069AEB00DED1AD /* Debug */,
				ACCE3A0F28069AEB00DED1AD /* Release */,
			);
			defaultConfigurationIsVisible = 0;
			defaultConfigurationName = Release;
		};
		ACCE3A1028069AEB00DED1AD /* Build configuration list for PBXNativeTarget "gbgbggb" */ = {
			isa = XCConfigurationList;
			buildConfigurations = (
				ACCE3A1128069AEB00DED1AD /* Debug */,
				ACCE3A1228069AEB00DED1AD /* Release */,
			);
			defaultConfigurationIsVisible = 0;
			defaultConfigurationName = Release;
		};
/* End XCConfigurationList section */

/* Begin XCVersionGroup section */
		ACCE3A0528069AEA00DED1AD /* gbgbggb.xcdatamodeld */ = {
			isa = XCVersionGroup;
			children = (
				ACCE3A0628069AEA00DED1AD /* gbgbggb.xcdatamodel */,
			);
			currentVersion = ACCE3A0628069AEA00DED1AD /* gbgbggb.xcdatamodel */;
			path = gbgbggb.xcdatamodeld;
			sourceTree = "<group>";
			versionGroupType = wrapper.xcdatamodel;
		};
/* End XCVersionGroup section */
	};
	rootObject = ACCE39F128069AEA00DED1AD /* Project object */;
}
