// !$*UTF8*$!
{
	archiveVersion = 1;
	classes = {
	};
	objectVersion = 50;
	objects = {

/* Begin PBXBuildFile section */
		ACCE39D928069AAF00DED1AD /* AppDelegate.swift in Sources */ = {isa = PBXBuildFile; fileRef = ACCE39D828069AAF00DED1AD /* AppDelegate.swift */; };
		ACCE39DB28069AB000DED1AD /* SceneDelegate.swift in Sources */ = {isa = PBXBuildFile; fileRef = ACCE39DA28069AB000DED1AD /* SceneDelegate.swift */; };
		ACCE39DD28069AB000DED1AD /* ViewController.swift in Sources */ = {isa = PBXBuildFile; fileRef = ACCE39DC28069AB000DED1AD /* ViewController.swift */; };
		ACCE39E028069AB000DED1AD /* Main.storyboard in Resources */ = {isa = PBXBuildFile; fileRef = ACCE39DE28069AB000DED1AD /* Main.storyboard */; };
		ACCE39E328069AB000DED1AD /* fffff.xcdatamodeld in Sources */ = {isa = PBXBuildFile; fileRef = ACCE39E128069AB000DED1AD /* fffff.xcdatamodeld */; };
		ACCE39E528069AB000DED1AD /* Assets.xcassets in Resources */ = {isa = PBXBuildFile; fileRef = ACCE39E428069AB000DED1AD /* Assets.xcassets */; };
		ACCE39E828069AB000DED1AD /* LaunchScreen.storyboard in Resources */ = {isa = PBXBuildFile; fileRef = ACCE39E628069AB000DED1AD /* LaunchScreen.storyboard */; };
/* End PBXBuildFile section */

/* Begin PBXFileReference section */
		ACCE39D528069AAF00DED1AD /* fffff.app */ = {isa = PBXFileReference; explicitFileType = wrapper.application; includeInIndex = 0; path = fffff.app; sourceTree = BUILT_PRODUCTS_DIR; };
		ACCE39D828069AAF00DED1AD /* AppDelegate.swift */ = {isa = PBXFileReference; lastKnownFileType = sourcecode.swift; path = AppDelegate.swift; sourceTree = "<group>"; };
		ACCE39DA28069AB000DED1AD /* SceneDelegate.swift */ = {isa = PBXFileReference; lastKnownFileType = sourcecode.swift; path = SceneDelegate.swift; sourceTree = "<group>"; };
		ACCE39DC28069AB000DED1AD /* ViewController.swift */ = {isa = PBXFileReference; lastKnownFileType = sourcecode.swift; path = ViewController.swift; sourceTree = "<group>"; };
		ACCE39DF28069AB000DED1AD /* Base */ = {isa = PBXFileReference; lastKnownFileType = file.storyboard; name = Base; path = Base.lproj/Main.storyboard; sourceTree = "<group>"; };
		ACCE39E228069AB000DED1AD /* fffff.xcdatamodel */ = {isa = PBXFileReference; lastKnownFileType = wrapper.xcdatamodel; path = fffff.xcdatamodel; sourceTree = "<group>"; };
		ACCE39E428069AB000DED1AD /* Assets.xcassets */ = {isa = PBXFileReference; lastKnownFileType = folder.assetcatalog; path = Assets.xcassets; sourceTree = "<group>"; };
		ACCE39E728069AB000DED1AD /* Base */ = {isa = PBXFileReference; lastKnownFileType = file.storyboard; name = Base; path = Base.lproj/LaunchScreen.storyboard; sourceTree = "<group>"; };
		ACCE39E928069AB000DED1AD /* Info.plist */ = {isa = PBXFileReference; lastKnownFileType = text.plist.xml; path = Info.plist; sourceTree = "<group>"; };
/* End PBXFileReference section */

/* Begin PBXFrameworksBuildPhase section */
		ACCE39D228069AAF00DED1AD /* Frameworks */ = {
			isa = PBXFrameworksBuildPhase;
			buildActionMask = 2147483647;
			files = (
			);
			runOnlyForDeploymentPostprocessing = 0;
		};
/* End PBXFrameworksBuildPhase section */

/* Begin PBXGroup section */
		ACCE39CC28069AAF00DED1AD = {
			isa = PBXGroup;
			children = (
				ACCE39D728069AAF00DED1AD /* fffff */,
				ACCE39D628069AAF00DED1AD /* Products */,
			);
			sourceTree = "<group>";
		};
		ACCE39D628069AAF00DED1AD /* Products */ = {
			isa = PBXGroup;
			children = (
				ACCE39D528069AAF00DED1AD /* fffff.app */,
			);
			name = Products;
			sourceTree = "<group>";
		};
		ACCE39D728069AAF00DED1AD /* fffff */ = {
			isa = PBXGroup;
			children = (
				ACCE39D828069AAF00DED1AD /* AppDelegate.swift */,
				ACCE39DA28069AB000DED1AD /* SceneDelegate.swift */,
				ACCE39DC28069AB000DED1AD /* ViewController.swift */,
				ACCE39DE28069AB000DED1AD /* Main.storyboard */,
				ACCE39E428069AB000DED1AD /* Assets.xcassets */,
				ACCE39E628069AB000DED1AD /* LaunchScreen.storyboard */,
				ACCE39E928069AB000DED1AD /* Info.plist */,
				ACCE39E128069AB000DED1AD /* fffff.xcdatamodeld */,
			);
			path = fffff;
			sourceTree = "<group>";
		};
/* End PBXGroup section */

/* Begin PBXNativeTarget section */
		ACCE39D428069AAF00DED1AD /* fffff */ = {
			isa = PBXNativeTarget;
			buildConfigurationList = ACCE39EC28069AB000DED1AD /* Build configuration list for PBXNativeTarget "fffff" */;
			buildPhases = (
				ACCE39D128069AAF00DED1AD /* Sources */,
				ACCE39D228069AAF00DED1AD /* Frameworks */,
				ACCE39D328069AAF00DED1AD /* Resources */,
			);
			buildRules = (
			);
			dependencies = (
			);
			name = fffff;
			productName = fffff;
			productReference = ACCE39D528069AAF00DED1AD /* fffff.app */;
			productType = "com.apple.product-type.application";
		};
/* End PBXNativeTarget section */

/* Begin PBXProject section */
		ACCE39CD28069AAF00DED1AD /* Project object */ = {
			isa = PBXProject;
			attributes = {
				LastSwiftUpdateCheck = 1240;
				LastUpgradeCheck = 1240;
				TargetAttributes = {
					ACCE39D428069AAF00DED1AD = {
						CreatedOnToolsVersion = 12.4;
					};
				};
			};
			buildConfigurationList = ACCE39D028069AAF00DED1AD /* Build configuration list for PBXProject "fffff" */;
			compatibilityVersion = "Xcode 9.3";
			developmentRegion = en;
			hasScannedForEncodings = 0;
			knownRegions = (
				en,
				Base,
			);
			mainGroup = ACCE39CC28069AAF00DED1AD;
			productRefGroup = ACCE39D628069AAF00DED1AD /* Products */;
			projectDirPath = "";
			projectRoot = "";
			targets = (
				ACCE39D428069AAF00DED1AD /* fffff */,
			);
		};
/* End PBXProject section */

/* Begin PBXResourcesBuildPhase section */
		ACCE39D328069AAF00DED1AD /* Resources */ = {
			isa = PBXResourcesBuildPhase;
			buildActionMask = 2147483647;
			files = (
				ACCE39E828069AB000DED1AD /* LaunchScreen.storyboard in Resources */,
				ACCE39E528069AB000DED1AD /* Assets.xcassets in Resources */,
				ACCE39E028069AB000DED1AD /* Main.storyboard in Resources */,
			);
			runOnlyForDeploymentPostprocessing = 0;
		};
/* End PBXResourcesBuildPhase section */

/* Begin PBXSourcesBuildPhase section */
		ACCE39D128069AAF00DED1AD /* Sources */ = {
			isa = PBXSourcesBuildPhase;
			buildActionMask = 2147483647;
			files = (
				ACCE39E328069AB000DED1AD /* fffff.xcdatamodeld in Sources */,
				ACCE39DD28069AB000DED1AD /* ViewController.swift in Sources */,
				ACCE39D928069AAF00DED1AD /* AppDelegate.swift in Sources */,
				ACCE39DB28069AB000DED1AD /* SceneDelegate.swift in Sources */,
			);
			runOnlyForDeploymentPostprocessing = 0;
		};
/* End PBXSourcesBuildPhase section */

/* Begin PBXVariantGroup section */
		ACCE39DE28069AB000DED1AD /* Main.storyboard */ = {
			isa = PBXVariantGroup;
			children = (
				ACCE39DF28069AB000DED1AD /* Base */,
			);
			name = Main.storyboard;
			sourceTree = "<group>";
		};
		ACCE39E628069AB000DED1AD /* LaunchScreen.storyboard */ = {
			isa = PBXVariantGroup;
			children = (
				ACCE39E728069AB000DED1AD /* Base */,
			);
			name = LaunchScreen.storyboard;
			sourceTree = "<group>";
		};
/* End PBXVariantGroup section */

/* Begin XCBuildConfiguration section */
		ACCE39EA28069AB000DED1AD /* Debug */ = {
			isa = XCBuildConfiguration;
			buildSettings = {
				ALWAYS_SEARCH_USER_PATHS = NO;
				CLANG_ANALYZER_NONNULL = YES;
				CLANG_ANALYZER_NUMBER_OBJECT_CONVERSION = YES_AGGRESSIVE;
				CLANG_CXX_LANGUAGE_STANDARD = "gnu++14";
				CLANG_CXX_LIBRARY = "libc++";
				CLANG_ENABLE_MODULES = YES;
				CLANG_ENABLE_OBJC_ARC = YES;
				CLANG_ENABLE_OBJC_WEAK = YES;
				CLANG_WARN_BLOCK_CAPTURE_AUTORELEASING = YES;
				CLANG_WARN_BOOL_CONVERSION = YES;
				CLANG_WARN_COMMA = YES;
				CLANG_WARN_CONSTANT_CONVERSION = YES;
				CLANG_WARN_DEPRECATED_OBJC_IMPLEMENTATIONS = YES;
				CLANG_WARN_DIRECT_OBJC_ISA_USAGE = YES_ERROR;
				CLANG_WARN_DOCUMENTATION_COMMENTS = YES;
				CLANG_WARN_EMPTY_BODY = YES;
				CLANG_WARN_ENUM_CONVERSION = YES;
				CLANG_WARN_INFINITE_RECURSION = YES;
				CLANG_WARN_INT_CONVERSION = YES;
				CLANG_WARN_NON_LITERAL_NULL_CONVERSION = YES;
				CLANG_WARN_OBJC_IMPLICIT_RETAIN_SELF = YES;
				CLANG_WARN_OBJC_LITERAL_CONVERSION = YES;
				CLANG_WARN_OBJC_ROOT_CLASS = YES_ERROR;
				CLANG_WARN_QUOTED_INCLUDE_IN_FRAMEWORK_HEADER = YES;
				CLANG_WARN_RANGE_LOOP_ANALYSIS = YES;
				CLANG_WARN_STRICT_PROTOTYPES = YES;
				CLANG_WARN_SUSPICIOUS_MOVE = YES;
				CLANG_WARN_UNGUARDED_AVAILABILITY = YES_AGGRESSIVE;
				CLANG_WARN_UNREACHABLE_CODE = YES;
				CLANG_WARN__DUPLICATE_METHOD_MATCH = YES;
				COPY_PHASE_STRIP = NO;
				DEBUG_INFORMATION_FORMAT = dwarf;
				ENABLE_STRICT_OBJC_MSGSEND = YES;
				ENABLE_TESTABILITY = YES;
				GCC_C_LANGUAGE_STANDARD = gnu11;
				GCC_DYNAMIC_NO_PIC = NO;
				GCC_NO_COMMON_BLOCKS = YES;
				GCC_OPTIMIZATION_LEVEL = 0;
				GCC_PREPROCESSOR_DEFINITIONS = (
					"DEBUG=1",
					"$(inherited)",
				);
				GCC_WARN_64_TO_32_BIT_CONVERSION = YES;
				GCC_WARN_ABOUT_RETURN_TYPE = YES_ERROR;
				GCC_WARN_UNDECLARED_SELECTOR = YES;
				GCC_WARN_UNINITIALIZED_AUTOS = YES_AGGRESSIVE;
				GCC_WARN_UNUSED_FUNCTION = YES;
				GCC_WARN_UNUSED_VARIABLE = YES;
				IPHONEOS_DEPLOYMENT_TARGET = 14.4;
				MTL_ENABLE_DEBUG_INFO = INCLUDE_SOURCE;
				MTL_FAST_MATH = YES;
				ONLY_ACTIVE_ARCH = YES;
				SDKROOT = iphoneos;
				SWIFT_ACTIVE_COMPILATION_CONDITIONS = DEBUG;
				SWIFT_OPTIMIZATION_LEVEL = "-Onone";
			};
			name = Debug;
		};
		ACCE39EB28069AB000DED1AD /* Release */ = {
			isa = XCBuildConfiguration;
			buildSettings = {
				ALWAYS_SEARCH_USER_PATHS = NO;
				CLANG_ANALYZER_NONNULL = YES;
				CLANG_ANALYZER_NUMBER_OBJECT_CONVERSION = YES_AGGRESSIVE;
				CLANG_CXX_LANGUAGE_STANDARD = "gnu++14";
				CLANG_CXX_LIBRARY = "libc++";
				CLANG_ENABLE_MODULES = YES;
				CLANG_ENABLE_OBJC_ARC = YES;
				CLANG_ENABLE_OBJC_WEAK = YES;
				CLANG_WARN_BLOCK_CAPTURE_AUTORELEASING = YES;
				CLANG_WARN_BOOL_CONVERSION = YES;
				CLANG_WARN_COMMA = YES;
				CLANG_WARN_CONSTANT_CONVERSION = YES;
				CLANG_WARN_DEPRECATED_OBJC_IMPLEMENTATIONS = YES;
				CLANG_WARN_DIRECT_OBJC_ISA_USAGE = YES_ERROR;
				CLANG_WARN_DOCUMENTATION_COMMENTS = YES;
				CLANG_WARN_EMPTY_BODY = YES;
				CLANG_WARN_ENUM_CONVERSION = YES;
				CLANG_WARN_INFINITE_RECURSION = YES;
				CLANG_WARN_INT_CONVERSION = YES;
				CLANG_WARN_NON_LITERAL_NULL_CONVERSION = YES;
				CLANG_WARN_OBJC_IMPLICIT_RETAIN_SELF = YES;
				CLANG_WARN_OBJC_LITERAL_CONVERSION = YES;
				CLANG_WARN_OBJC_ROOT_CLASS = YES_ERROR;
				CLANG_WARN_QUOTED_INCLUDE_IN_FRAMEWORK_HEADER = YES;
				CLANG_WARN_RANGE_LOOP_ANALYSIS = YES;
				CLANG_WARN_STRICT_PROTOTYPES = YES;
				CLANG_WARN_SUSPICIOUS_MOVE = YES;
				CLANG_WARN_UNGUARDED_AVAILABILITY = YES_AGGRESSIVE;
				CLANG_WARN_UNREACHABLE_CODE = YES;
				CLANG_WARN__DUPLICATE_METHOD_MATCH = YES;
				COPY_PHASE_STRIP = NO;
				DEBUG_INFORMATION_FORMAT = "dwarf-with-dsym";
				ENABLE_NS_ASSERTIONS = NO;
				ENABLE_STRICT_OBJC_MSGSEND = YES;
				GCC_C_LANGUAGE_STANDARD = gnu11;
				GCC_NO_COMMON_BLOCKS = YES;
				GCC_WARN_64_TO_32_BIT_CONVERSION = YES;
				GCC_WARN_ABOUT_RETURN_TYPE = YES_ERROR;
				GCC_WARN_UNDECLARED_SELECTOR = YES;
				GCC_WARN_UNINITIALIZED_AUTOS = YES_AGGRESSIVE;
				GCC_WARN_UNUSED_FUNCTION = YES;
				GCC_WARN_UNUSED_VARIABLE = YES;
				IPHONEOS_DEPLOYMENT_TARGET = 14.4;
				MTL_ENABLE_DEBUG_INFO = NO;
				MTL_FAST_MATH = YES;
				SDKROOT = iphoneos;
				SWIFT_COMPILATION_MODE = wholemodule;
				SWIFT_OPTIMIZATION_LEVEL = "-O";
				VALIDATE_PRODUCT = YES;
			};
			name = Release;
		};
		ACCE39ED28069AB000DED1AD /* Debug */ = {
			isa = XCBuildConfiguration;
			buildSettings = {
				ASSETCATALOG_COMPILER_APPICON_NAME = AppIcon;
				ASSETCATALOG_COMPILER_GLOBAL_ACCENT_COLOR_NAME = AccentColor;
				CODE_SIGN_STYLE = Automatic;
				INFOPLIST_FILE = fffff/Info.plist;
				LD_RUNPATH_SEARCH_PATHS = (
					"$(inherited)",
					"@executable_path/Frameworks",
				);
				PRODUCT_BUNDLE_IDENTIFIER = gggg.fffff;
				PRODUCT_NAME = "$(TARGET_NAME)";
				SWIFT_VERSION = 5.0;
				TARGETED_DEVICE_FAMILY = "1,2";
			};
			name = Debug;
		};
		ACCE39EE28069AB000DED1AD /* Release */ = {
			isa = XCBuildConfiguration;
			buildSettings = {
				ASSETCATALOG_COMPILER_APPICON_NAME = AppIcon;
				ASSETCATALOG_COMPILER_GLOBAL_ACCENT_COLOR_NAME = AccentColor;
				CODE_SIGN_STYLE = Automatic;
				INFOPLIST_FILE = fffff/Info.plist;
				LD_RUNPATH_SEARCH_PATHS = (
					"$(inherited)",
					"@executable_path/Frameworks",
				);
				PRODUCT_BUNDLE_IDENTIFIER = gggg.fffff;
				PRODUCT_NAME = "$(TARGET_NAME)";
				SWIFT_VERSION = 5.0;
				TARGETED_DEVICE_FAMILY = "1,2";
			};
			name = Release;
		};
/* End XCBuildConfiguration section */

/* Begin XCConfigurationList section */
		ACCE39D028069AAF00DED1AD /* Build configuration list for PBXProject "fffff" */ = {
			isa = XCConfigurationList;
			buildConfigurations = (
				ACCE39EA28069AB000DED1AD /* Debug */,
				ACCE39EB28069AB000DED1AD /* Release */,
			);
			defaultConfigurationIsVisible = 0;
			defaultConfigurationName = Release;
		};
		ACCE39EC28069AB000DED1AD /* Build configuration list for PBXNativeTarget "fffff" */ = {
			isa = XCConfigurationList;
			buildConfigurations = (
				ACCE39ED28069AB000DED1AD /* Debug */,
				ACCE39EE28069AB000DED1AD /* Release */,
			);
			defaultConfigurationIsVisible = 0;
			defaultConfigurationName = Release;
		};
/* End XCConfigurationList section */

/* Begin XCVersionGroup section */
		ACCE39E128069AB000DED1AD /* fffff.xcdatamodeld */ = {
			isa = XCVersionGroup;
			children = (
				ACCE39E228069AB000DED1AD /* fffff.xcdatamodel */,
			);
			currentVersion = ACCE39E228069AB000DED1AD /* fffff.xcdatamodel */;
			path = fffff.xcdatamodeld;
			sourceTree = "<group>";
			versionGroupType = wrapper.xcdatamodel;
		};
/* End XCVersionGroup section */
	};
	rootObject = ACCE39CD28069AAF00DED1AD /* Project object */;
}
